
Microsoft Visual Studio Solution File, Format Version 12.00
# Visual Studio Version 17
VisualStudioVersion = 17.7.34031.279
MinimumVisualStudioVersion = 10.0.40219.1
Project("{9A19103F-16F7-4668-BE54-9A1E7A4F7556}") = "AuthenticationSystem.WebApi", "AuthenticationSystem.WebApi\AuthenticationSystem.WebApi.csproj", "{A74D45F6-4A61-44FB-BEA7-BFBBE2642268}"
EndProject
Project("{2150E333-8FDC-42A3-9474-1A3956D46DE8}") = "Presentation", "Presentation", "{233247FB-D045-4E0D-8A7D-53AD97F658A2}"
EndProject
Project("{2150E333-8FDC-42A3-9474-1A3956D46DE8}") = "Core", "Core", "{11BD17FE-ABC3-4326-A679-9D05EE50A370}"
EndProject
Project("{FAE04EC0-301F-11D3-BF4B-00C04F79EFBC}") = "AuthenticationSystem.Domain", "AuthenticationSystem.Domain\AuthenticationSystem.Domain.csproj", "{6E3DFCF1-E365-4366-BB59-2371C8F18022}"
EndProject
Global
	GlobalSection(SolutionConfigurationPlatforms) = preSolution
		Debug|Any CPU = Debug|Any CPU
		Release|Any CPU = Release|Any CPU
	EndGlobalSection
	GlobalSection(ProjectConfigurationPlatforms) = postSolution
		{A74D45F6-4A61-44FB-BEA7-BFBBE2642268}.Debug|Any CPU.ActiveCfg = Debug|Any CPU
		{A74D45F6-4A61-44FB-BEA7-BFBBE2642268}.Debug|Any CPU.Build.0 = Debug|Any CPU
		{A74D45F6-4A61-44FB-BEA7-BFBBE2642268}.Release|Any CPU.ActiveCfg = Release|Any CPU
		{A74D45F6-4A61-44FB-BEA7-BFBBE2642268}.Release|Any CPU.Build.0 = Release|Any CPU
		{6E3DFCF1-E365-4366-BB59-2371C8F18022}.Debug|Any CPU.ActiveCfg = Debug|Any CPU
		{6E3DFCF1-E365-4366-BB59-2371C8F18022}.Debug|Any CPU.Build.0 = Debug|Any CPU
		{6E3DFCF1-E365-4366-BB59-2371C8F18022}.Release|Any CPU.ActiveCfg = Release|Any CPU
		{6E3DFCF1-E365-4366-BB59-2371C8F18022}.Release|Any CPU.Build.0 = Release|Any CPU
	EndGlobalSection
	GlobalSection(SolutionProperties) = preSolution
		HideSolutionNode = FALSE
	EndGlobalSection
	GlobalSection(NestedProjects) = preSolution
		{A74D45F6-4A61-44FB-BEA7-BFBBE2642268} = {233247FB-D045-4E0D-8A7D-53AD97F658A2}
		{6E3DFCF1-E365-4366-BB59-2371C8F18022} = {11BD17FE-ABC3-4326-A679-9D05EE50A370}
	EndGlobalSection
	GlobalSection(ExtensibilityGlobals) = postSolution
		SolutionGuid = {D73222AE-33D9-4B77-90BF-601F5E9FF317}
	EndGlobalSection
EndGlobal
